<?xml version="1.0" encoding="utf-8"?>
<Project ToolsVersion="4.0" xmlns="http://schemas.microsoft.com/developer/msbuild/2003">
  <ItemGroup>
    <ClInclude Include="..\..\..\examples\accumulate\xf_accumulate_config.h">
      <Filter>accumulate</Filter>
    </ClInclude>
    <ClInclude Include="..\..\..\examples\accumulate\xf_config_params.h">
      <Filter>accumulate</Filter>
    </ClInclude>
    <ClInclude Include="..\..\..\examples\accumulate\xf_headers.h">
      <Filter>accumulate</Filter>
    </ClInclude>
    <ClInclude Include="..\..\..\examples\stereopipeline\cameraParameters.h">
      <Filter>stereopipeline</Filter>
    </ClInclude>
    <ClInclude Include="..\..\..\examples\stereopipeline\xf_config_params.h">
      <Filter>stereopipeline</Filter>
    </ClInclude>
    <ClInclude Include="..\..\..\examples\stereopipeline\xf_headers.h">
      <Filter>stereopipeline</Filter>
    </ClInclude>
    <ClInclude Include="..\..\..\examples\stereopipeline\xf_stereo_pipeline_config.h">
      <Filter>stereopipeline</Filter>
    </ClInclude>
  </ItemGroup>
  <ItemGroup>
    <ClCompile Include="..\..\..\examples\accumulate\xf_accumulate_image_accel.cpp">
      <Filter>accumulate</Filter>
    </ClCompile>
    <ClCompile Include="..\..\..\examples\accumulate\xf_accumulate_image_tb.cpp">
      <Filter>accumulate</Filter>
    </ClCompile>
    <ClCompile Include="..\..\..\examples\stereopipeline\xf_stereo_pipeline_accel.cpp">
      <Filter>stereopipeline</Filter>
    </ClCompile>
    <ClCompile Include="..\..\..\examples\stereopipeline\xf_stereo_pipeline_tb.cpp">
      <Filter>stereopipeline</Filter>
    </ClCompile>
  </ItemGroup>
  <ItemGroup>
    <Filter Include="accumulate">
      <UniqueIdentifier>{fdb0de10-a233-42a7-908e-33cb0564f49c}</UniqueIdentifier>
    </Filter>
    <Filter Include="stereopipeline">
      <UniqueIdentifier>{8cbe6705-9bb3-4895-918d-c42dcf0d36f6}</UniqueIdentifier>
    </Filter>
  </ItemGroup>
  <ItemGroup>
    <None Include="..\..\..\examples\stereopipeline\Makefile">
      <Filter>stereopipeline</Filter>
    </None>
    <None Include="..\..\..\examples\stereopipeline\description.json">
      <Filter>stereopipeline</Filter>
    </None>
  </ItemGroup>
</Project>